github.com/nkdAgility/HugoGuides/module v0.6.4 h1:5MCak7zvxEJ9N0S6C74s22QNqhsiOoX2NMJ7tfMfOwk=
github.com/nkdAgility/HugoGuides/module v0.6.4/go.mod h1:VGUy7t0I5Ba4FWVFpuBzVI1RN/cOBvcWSeYGsAj37tE=
github.com/nkdAgility/HugoGuides/module v0.6.5 h1:8un1EHMWXCwRoqwOuwr8iRv85RhbRmXsogkCW8ozudE=
github.com/nkdAgility/HugoGuides/module v0.6.5/go.mod h1:VGUy7t0I5Ba4FWVFpuBzVI1RN/cOBvcWSeYGsAj37tE=
github.com/nkdAgility/HugoGuides/module v0.6.6 h1:VVJ6BjOgwi5EODd0ldtNRLfHosuhg4bJrt3Hbb3tiuQ=
github.com/nkdAgility/HugoGuides/module v0.6.6/go.mod h1:VGUy7t0I5Ba4FWVFpuBzVI1RN/cOBvcWSeYGsAj37tE=
github.com/nkdAgility/HugoGuides/module v0.6.7 h1:vYDp0gonPe2SUbKXo6OzIJTDKv1eNeiqR4zhGtv0f/Q=
github.com/nkdAgility/HugoGuides/module v0.6.7/go.mod h1:VGUy7t0I5Ba4FWVFpuBzVI1RN/cOBvcWSeYGsAj37tE=
github.com/nkdAgility/HugoGuides/module v0.6.8 h1:9Y4fJ/+6cfx7qEOnSleQPb7oldcseR6TepJQo88EV6k=
github.com/nkdAgility/HugoGuides/module v0.6.8/go.mod h1:VGUy7t0I5Ba4FWVFpuBzVI1RN/cOBvcWSeYGsAj37tE=
github.com/nkdAgility/HugoGuides/module v0.7.0 h1:xPbwTijbm3ctwC1ubGDdTM3RUimpvxrZkXJMtTfl6Co=
github.com/nkdAgility/HugoGuides/module v0.7.0/go.mod h1:VGUy7t0I5Ba4FWVFpuBzVI1RN/cOBvcWSeYGsAj37tE=
